
Microsoft Visual Studio Solution File, Format Version 12.00
# Visual Studio Version 16
VisualStudioVersion = 16.0.31005.135
MinimumVisualStudioVersion = 10.0.40219.1
Project("{9A19103F-16F7-4668-BE54-9A1E7A4F7556}") = "BookMyShowWebAPI", "BookMyShowWebAPI\BookMyShowWebAPI.csproj", "{74DF6EA9-DC8C-4CC3-AD58-7C4E231AEA0F}"
EndProject
Project("{9A19103F-16F7-4668-BE54-9A1E7A4F7556}") = "BookMyShow.Models", "BookMyShow.Models\BookMyShow.Models.csproj", "{0FDAE4FE-8BED-451D-ADD1-07A348226566}"
EndProject
Project("{9A19103F-16F7-4668-BE54-9A1E7A4F7556}") = "BookMyShow.Services", "BookMyShow.Services\BookMyShow.Services.csproj", "{9CD70463-3483-46D8-9881-230ABDE3582E}"
EndProject
Project("{9A19103F-16F7-4668-BE54-9A1E7A4F7556}") = "BookMyShow.Data", "BookMyShow.Data\BookMyShow.Data.csproj", "{44CEAD5E-AD1B-42C7-BA08-EE10E26705D8}"
EndProject
Global
	GlobalSection(SolutionConfigurationPlatforms) = preSolution
		Debug|Any CPU = Debug|Any CPU
		Release|Any CPU = Release|Any CPU
	EndGlobalSection
	GlobalSection(ProjectConfigurationPlatforms) = postSolution
		{74DF6EA9-DC8C-4CC3-AD58-7C4E231AEA0F}.Debug|Any CPU.ActiveCfg = Debug|Any CPU
		{74DF6EA9-DC8C-4CC3-AD58-7C4E231AEA0F}.Debug|Any CPU.Build.0 = Debug|Any CPU
		{74DF6EA9-DC8C-4CC3-AD58-7C4E231AEA0F}.Release|Any CPU.ActiveCfg = Release|Any CPU
		{74DF6EA9-DC8C-4CC3-AD58-7C4E231AEA0F}.Release|Any CPU.Build.0 = Release|Any CPU
		{0FDAE4FE-8BED-451D-ADD1-07A348226566}.Debug|Any CPU.ActiveCfg = Debug|Any CPU
		{0FDAE4FE-8BED-451D-ADD1-07A348226566}.Debug|Any CPU.Build.0 = Debug|Any CPU
		{0FDAE4FE-8BED-451D-ADD1-07A348226566}.Release|Any CPU.ActiveCfg = Release|Any CPU
		{0FDAE4FE-8BED-451D-ADD1-07A348226566}.Release|Any CPU.Build.0 = Release|Any CPU
		{9CD70463-3483-46D8-9881-230ABDE3582E}.Debug|Any CPU.ActiveCfg = Debug|Any CPU
		{9CD70463-3483-46D8-9881-230ABDE3582E}.Debug|Any CPU.Build.0 = Debug|Any CPU
		{9CD70463-3483-46D8-9881-230ABDE3582E}.Release|Any CPU.ActiveCfg = Release|Any CPU
		{9CD70463-3483-46D8-9881-230ABDE3582E}.Release|Any CPU.Build.0 = Release|Any CPU
		{44CEAD5E-AD1B-42C7-BA08-EE10E26705D8}.Debug|Any CPU.ActiveCfg = Debug|Any CPU
		{44CEAD5E-AD1B-42C7-BA08-EE10E26705D8}.Debug|Any CPU.Build.0 = Debug|Any CPU
		{44CEAD5E-AD1B-42C7-BA08-EE10E26705D8}.Release|Any CPU.ActiveCfg = Release|Any CPU
		{44CEAD5E-AD1B-42C7-BA08-EE10E26705D8}.Release|Any CPU.Build.0 = Release|Any CPU
	EndGlobalSection
	GlobalSection(SolutionProperties) = preSolution
		HideSolutionNode = FALSE
	EndGlobalSection
	GlobalSection(ExtensibilityGlobals) = postSolution
		SolutionGuid = {20BBBA3D-187E-49AF-87CD-01F9C4C6FCA1}
	EndGlobalSection
EndGlobal
